
Microsoft Visual Studio Solution File, Format Version 12.00
# Visual Studio Version 17
VisualStudioVersion = 17.3.32825.248
MinimumVisualStudioVersion = 10.0.40219.1
Project("{2150E333-8FDC-42A3-9474-1A3956D46DE8}") = "src", "src", "{CFFFDDF0-148B-486B-A61D-FE5684AD7A71}"
EndProject
Project("{2150E333-8FDC-42A3-9474-1A3956D46DE8}") = "tests", "tests", "{95E51B82-AE72-4586-9DDB-A39F059EE4DF}"
EndProject
Project("{9A19103F-16F7-4668-BE54-9A1E7A4F7556}") = "Application", "src\Application\Application.csproj", "{BD053AE0-7B3B-4F07-85A0-C8B523CBA00D}"
EndProject
Project("{9A19103F-16F7-4668-BE54-9A1E7A4F7556}") = "Shared", "src\Shared\Shared.csproj", "{8481CCCC-7EEC-4517-B095-2EEBE1248C11}"
EndProject
Project("{9A19103F-16F7-4668-BE54-9A1E7A4F7556}") = "Domain", "src\Domain\Domain.csproj", "{3E16EFA0-1EA7-4316-B962-75294B3AD4ED}"
EndProject
Project("{9A19103F-16F7-4668-BE54-9A1E7A4F7556}") = "Infrastructure", "src\Infrastructure\Infrastructure.csproj", "{F24E4B7C-F597-4745-B9B9-2B310ED5984B}"
EndProject
Project("{9A19103F-16F7-4668-BE54-9A1E7A4F7556}") = "Api", "src\Api\Api.csproj", "{2B7EE114-EA1C-460F-8175-CC9C77BEC037}"
EndProject
Project("{9A19103F-16F7-4668-BE54-9A1E7A4F7556}") = "IntegrationTests", "tests\IntegrationTests\IntegrationTests.csproj", "{20B13B98-4AA7-42DC-98CA-AF85EBEFB08A}"
EndProject
Project("{9A19103F-16F7-4668-BE54-9A1E7A4F7556}") = "WebApp", "src\WebApp\WebApp.csproj", "{7B54E74B-6E7A-4F16-A47B-DBED15C23911}"
EndProject
Project("{9A19103F-16F7-4668-BE54-9A1E7A4F7556}") = "UnitTests", "tests\UnitTests\UnitTests.csproj", "{654C521F-85BD-466B-A8BD-232E668FCD16}"
EndProject
Project("{2150E333-8FDC-42A3-9474-1A3956D46DE8}") = "Solution Items", "Solution Items", "{2D1855FD-B21E-45A3-B6E6-44D55282B4CC}"
EndProject
Project("{2150E333-8FDC-42A3-9474-1A3956D46DE8}") = "docs", "docs", "{C6629776-A57F-4D2A-875F-6D041BF8457E}"
	ProjectSection(SolutionItems) = preProject
		docs\BusinessRules.md = docs\BusinessRules.md
	EndProjectSection
EndProject
Global
	GlobalSection(SolutionConfigurationPlatforms) = preSolution
		Debug|Any CPU = Debug|Any CPU
		Release|Any CPU = Release|Any CPU
	EndGlobalSection
	GlobalSection(ProjectConfigurationPlatforms) = postSolution
		{BD053AE0-7B3B-4F07-85A0-C8B523CBA00D}.Debug|Any CPU.ActiveCfg = Debug|Any CPU
		{BD053AE0-7B3B-4F07-85A0-C8B523CBA00D}.Debug|Any CPU.Build.0 = Debug|Any CPU
		{BD053AE0-7B3B-4F07-85A0-C8B523CBA00D}.Release|Any CPU.ActiveCfg = Release|Any CPU
		{BD053AE0-7B3B-4F07-85A0-C8B523CBA00D}.Release|Any CPU.Build.0 = Release|Any CPU
		{8481CCCC-7EEC-4517-B095-2EEBE1248C11}.Debug|Any CPU.ActiveCfg = Debug|Any CPU
		{8481CCCC-7EEC-4517-B095-2EEBE1248C11}.Debug|Any CPU.Build.0 = Debug|Any CPU
		{8481CCCC-7EEC-4517-B095-2EEBE1248C11}.Release|Any CPU.ActiveCfg = Release|Any CPU
		{8481CCCC-7EEC-4517-B095-2EEBE1248C11}.Release|Any CPU.Build.0 = Release|Any CPU
		{3E16EFA0-1EA7-4316-B962-75294B3AD4ED}.Debug|Any CPU.ActiveCfg = Debug|Any CPU
		{3E16EFA0-1EA7-4316-B962-75294B3AD4ED}.Debug|Any CPU.Build.0 = Debug|Any CPU
		{3E16EFA0-1EA7-4316-B962-75294B3AD4ED}.Release|Any CPU.ActiveCfg = Release|Any CPU
		{3E16EFA0-1EA7-4316-B962-75294B3AD4ED}.Release|Any CPU.Build.0 = Release|Any CPU
		{F24E4B7C-F597-4745-B9B9-2B310ED5984B}.Debug|Any CPU.ActiveCfg = Debug|Any CPU
		{F24E4B7C-F597-4745-B9B9-2B310ED5984B}.Debug|Any CPU.Build.0 = Debug|Any CPU
		{F24E4B7C-F597-4745-B9B9-2B310ED5984B}.Release|Any CPU.ActiveCfg = Release|Any CPU
		{F24E4B7C-F597-4745-B9B9-2B310ED5984B}.Release|Any CPU.Build.0 = Release|Any CPU
		{2B7EE114-EA1C-460F-8175-CC9C77BEC037}.Debug|Any CPU.ActiveCfg = Debug|Any CPU
		{2B7EE114-EA1C-460F-8175-CC9C77BEC037}.Debug|Any CPU.Build.0 = Debug|Any CPU
		{2B7EE114-EA1C-460F-8175-CC9C77BEC037}.Release|Any CPU.ActiveCfg = Release|Any CPU
		{2B7EE114-EA1C-460F-8175-CC9C77BEC037}.Release|Any CPU.Build.0 = Release|Any CPU
		{20B13B98-4AA7-42DC-98CA-AF85EBEFB08A}.Debug|Any CPU.ActiveCfg = Debug|Any CPU
		{20B13B98-4AA7-42DC-98CA-AF85EBEFB08A}.Debug|Any CPU.Build.0 = Debug|Any CPU
		{20B13B98-4AA7-42DC-98CA-AF85EBEFB08A}.Release|Any CPU.ActiveCfg = Release|Any CPU
		{20B13B98-4AA7-42DC-98CA-AF85EBEFB08A}.Release|Any CPU.Build.0 = Release|Any CPU
		{7B54E74B-6E7A-4F16-A47B-DBED15C23911}.Debug|Any CPU.ActiveCfg = Debug|Any CPU
		{7B54E74B-6E7A-4F16-A47B-DBED15C23911}.Debug|Any CPU.Build.0 = Debug|Any CPU
		{7B54E74B-6E7A-4F16-A47B-DBED15C23911}.Release|Any CPU.ActiveCfg = Release|Any CPU
		{7B54E74B-6E7A-4F16-A47B-DBED15C23911}.Release|Any CPU.Build.0 = Release|Any CPU
		{654C521F-85BD-466B-A8BD-232E668FCD16}.Debug|Any CPU.ActiveCfg = Debug|Any CPU
		{654C521F-85BD-466B-A8BD-232E668FCD16}.Debug|Any CPU.Build.0 = Debug|Any CPU
		{654C521F-85BD-466B-A8BD-232E668FCD16}.Release|Any CPU.ActiveCfg = Release|Any CPU
		{654C521F-85BD-466B-A8BD-232E668FCD16}.Release|Any CPU.Build.0 = Release|Any CPU
	EndGlobalSection
	GlobalSection(SolutionProperties) = preSolution
		HideSolutionNode = FALSE
	EndGlobalSection
	GlobalSection(NestedProjects) = preSolution
		{BD053AE0-7B3B-4F07-85A0-C8B523CBA00D} = {CFFFDDF0-148B-486B-A61D-FE5684AD7A71}
		{8481CCCC-7EEC-4517-B095-2EEBE1248C11} = {CFFFDDF0-148B-486B-A61D-FE5684AD7A71}
		{3E16EFA0-1EA7-4316-B962-75294B3AD4ED} = {CFFFDDF0-148B-486B-A61D-FE5684AD7A71}
		{F24E4B7C-F597-4745-B9B9-2B310ED5984B} = {CFFFDDF0-148B-486B-A61D-FE5684AD7A71}
		{2B7EE114-EA1C-460F-8175-CC9C77BEC037} = {CFFFDDF0-148B-486B-A61D-FE5684AD7A71}
		{20B13B98-4AA7-42DC-98CA-AF85EBEFB08A} = {95E51B82-AE72-4586-9DDB-A39F059EE4DF}
		{7B54E74B-6E7A-4F16-A47B-DBED15C23911} = {CFFFDDF0-148B-486B-A61D-FE5684AD7A71}
		{654C521F-85BD-466B-A8BD-232E668FCD16} = {95E51B82-AE72-4586-9DDB-A39F059EE4DF}
	EndGlobalSection
	GlobalSection(ExtensibilityGlobals) = postSolution
		SolutionGuid = {E528D5CD-0AF2-4291-A86D-F30CAD121C3F}
	EndGlobalSection
EndGlobal
